
Microsoft Visual Studio Solution File, Format Version 12.00
# Visual Studio Version 16
VisualStudioVersion = 16.0.31729.503
MinimumVisualStudioVersion = 10.0.40219.1
Project("{FAE04EC0-301F-11D3-BF4B-00C04F79EFBC}") = "RomAssetExtractor.Cli", "RomAssetExtractor.Cli\RomAssetExtractor.Cli.csproj", "{45A6D403-8F8F-4EAA-9A5C-915D5F8C24A4}"
EndProject
Project("{9A19103F-16F7-4668-BE54-9A1E7A4F7556}") = "RomAssetExtractor.Ui", "RomAssetExtractor.Ui\RomAssetExtractor.Ui.csproj", "{84A7A83D-50F6-4058-AC71-90ADD93B5B09}"
EndProject
Project("{FAE04EC0-301F-11D3-BF4B-00C04F79EFBC}") = "RomAssetExtractor", "RomAssetExtractor\RomAssetExtractor.csproj", "{6C63A45C-A347-4C00-9701-0AA2281CEF2E}"
EndProject
Global
	GlobalSection(SolutionConfigurationPlatforms) = preSolution
		Debug|Any CPU = Debug|Any CPU
		Release|Any CPU = Release|Any CPU
	EndGlobalSection
	GlobalSection(ProjectConfigurationPlatforms) = postSolution
		{45A6D403-8F8F-4EAA-9A5C-915D5F8C24A4}.Debug|Any CPU.ActiveCfg = Debug|Any CPU
		{45A6D403-8F8F-4EAA-9A5C-915D5F8C24A4}.Debug|Any CPU.Build.0 = Debug|Any CPU
		{45A6D403-8F8F-4EAA-9A5C-915D5F8C24A4}.Release|Any CPU.ActiveCfg = Release|Any CPU
		{45A6D403-8F8F-4EAA-9A5C-915D5F8C24A4}.Release|Any CPU.Build.0 = Release|Any CPU
		{84A7A83D-50F6-4058-AC71-90ADD93B5B09}.Debug|Any CPU.ActiveCfg = Debug|Any CPU
		{84A7A83D-50F6-4058-AC71-90ADD93B5B09}.Debug|Any CPU.Build.0 = Debug|Any CPU
		{84A7A83D-50F6-4058-AC71-90ADD93B5B09}.Release|Any CPU.ActiveCfg = Release|Any CPU
		{84A7A83D-50F6-4058-AC71-90ADD93B5B09}.Release|Any CPU.Build.0 = Release|Any CPU
		{6C63A45C-A347-4C00-9701-0AA2281CEF2E}.Debug|Any CPU.ActiveCfg = Debug|Any CPU
		{6C63A45C-A347-4C00-9701-0AA2281CEF2E}.Debug|Any CPU.Build.0 = Debug|Any CPU
		{6C63A45C-A347-4C00-9701-0AA2281CEF2E}.Release|Any CPU.ActiveCfg = Release|Any CPU
		{6C63A45C-A347-4C00-9701-0AA2281CEF2E}.Release|Any CPU.Build.0 = Release|Any CPU
	EndGlobalSection
	GlobalSection(SolutionProperties) = preSolution
		HideSolutionNode = FALSE
	EndGlobalSection
	GlobalSection(ExtensibilityGlobals) = postSolution
		SolutionGuid = {2449497C-BF71-4938-8A7A-88C6E5ADB107}
	EndGlobalSection
EndGlobal
